
Microsoft Visual Studio Solution File, Format Version 12.00
# Visual Studio Version 17
VisualStudioVersion = 17.10.34928.147
MinimumVisualStudioVersion = 10.0.40219.1
Project("{FAE04EC0-301F-11D3-BF4B-00C04F79EFBC}") = "RetroSliceApplication", "RetroSliceApplication.csproj", "{9CCCE1C2-10A4-4DA1-90F0-AF081D88DB3B}"
EndProject
Global
	GlobalSection(SolutionConfigurationPlatforms) = preSolution
		Debug|Any CPU = Debug|Any CPU
		Release|Any CPU = Release|Any CPU
	EndGlobalSection
	GlobalSection(ProjectConfigurationPlatforms) = postSolution
		{9CCCE1C2-10A4-4DA1-90F0-AF081D88DB3B}.Debug|Any CPU.ActiveCfg = Debug|Any CPU
		{9CCCE1C2-10A4-4DA1-90F0-AF081D88DB3B}.Debug|Any CPU.Build.0 = Debug|Any CPU
		{9CCCE1C2-10A4-4DA1-90F0-AF081D88DB3B}.Release|Any CPU.ActiveCfg = Release|Any CPU
		{9CCCE1C2-10A4-4DA1-90F0-AF081D88DB3B}.Release|Any CPU.Build.0 = Release|Any CPU
	EndGlobalSection
	GlobalSection(SolutionProperties) = preSolution
		HideSolutionNode = FALSE
	EndGlobalSection
	GlobalSection(ExtensibilityGlobals) = postSolution
		SolutionGuid = {F57565F4-ED48-4DC6-A42A-68563D403D31}
	EndGlobalSection
EndGlobal
